// !$*UTF8*$!
{
	archiveVersion = 1;
	classes = {
	};
	objectVersion = 50;
	objects = {

/* Begin PBXBuildFile section */
		746E0C2B23C549A500F3B09B /* AppDelegate.swift in Sources */ = {isa = PBXBuildFile; fileRef = 746E0C2A23C549A500F3B09B /* AppDelegate.swift */; };
		746E0C2D23C549A500F3B09B /* SceneDelegate.swift in Sources */ = {isa = PBXBuildFile; fileRef = 746E0C2C23C549A500F3B09B /* SceneDelegate.swift */; };
		746E0C2F23C549A500F3B09B /* ContentView.swift in Sources */ = {isa = PBXBuildFile; fileRef = 746E0C2E23C549A500F3B09B /* ContentView.swift */; };
		746E0C3123C549A900F3B09B /* Assets.xcassets in Resources */ = {isa = PBXBuildFile; fileRef = 746E0C3023C549A900F3B09B /* Assets.xcassets */; };
		746E0C3423C549A900F3B09B /* Preview Assets.xcassets in Resources */ = {isa = PBXBuildFile; fileRef = 746E0C3323C549A900F3B09B /* Preview Assets.xcassets */; };
		746E0C3723C549A900F3B09B /* LaunchScreen.storyboard in Resources */ = {isa = PBXBuildFile; fileRef = 746E0C3523C549A900F3B09B /* LaunchScreen.storyboard */; };
/* End PBXBuildFile section */

/* Begin PBXFileReference section */
		746E0C2723C549A500F3B09B /* iTunesSwiftUI.app */ = {isa = PBXFileReference; explicitFileType = wrapper.application; includeInIndex = 0; path = iTunesSwiftUI.app; sourceTree = BUILT_PRODUCTS_DIR; };
		746E0C2A23C549A500F3B09B /* AppDelegate.swift */ = {isa = PBXFileReference; lastKnownFileType = sourcecode.swift; path = AppDelegate.swift; sourceTree = "<group>"; };
		746E0C2C23C549A500F3B09B /* SceneDelegate.swift */ = {isa = PBXFileReference; lastKnownFileType = sourcecode.swift; path = SceneDelegate.swift; sourceTree = "<group>"; };
		746E0C2E23C549A500F3B09B /* ContentView.swift */ = {isa = PBXFileReference; lastKnownFileType = sourcecode.swift; path = ContentView.swift; sourceTree = "<group>"; };
		746E0C3023C549A900F3B09B /* Assets.xcassets */ = {isa = PBXFileReference; lastKnownFileType = folder.assetcatalog; path = Assets.xcassets; sourceTree = "<group>"; };
		746E0C3323C549A900F3B09B /* Preview Assets.xcassets */ = {isa = PBXFileReference; lastKnownFileType = folder.assetcatalog; path = "Preview Assets.xcassets"; sourceTree = "<group>"; };
		746E0C3623C549A900F3B09B /* Base */ = {isa = PBXFileReference; lastKnownFileType = file.storyboard; name = Base; path = Base.lproj/LaunchScreen.storyboard; sourceTree = "<group>"; };
		746E0C3823C549A900F3B09B /* Info.plist */ = {isa = PBXFileReference; lastKnownFileType = text.plist.xml; path = Info.plist; sourceTree = "<group>"; };
/* End PBXFileReference section */

/* Begin PBXFrameworksBuildPhase section */
		746E0C2423C549A500F3B09B /* Frameworks */ = {
			isa = PBXFrameworksBuildPhase;
			buildActionMask = 2147483647;
			files = (
			);
			runOnlyForDeploymentPostprocessing = 0;
		};
/* End PBXFrameworksBuildPhase section */

/* Begin PBXGroup section */
		746E0C1E23C549A500F3B09B = {
			isa = PBXGroup;
			children = (
				746E0C2923C549A500F3B09B /* iTunesSwiftUI */,
				746E0C2823C549A500F3B09B /* Products */,
			);
			sourceTree = "<group>";
		};
		746E0C2823C549A500F3B09B /* Products */ = {
			isa = PBXGroup;
			children = (
				746E0C2723C549A500F3B09B /* iTunesSwiftUI.app */,
			);
			name = Products;
			sourceTree = "<group>";
		};
		746E0C2923C549A500F3B09B /* iTunesSwiftUI */ = {
			isa = PBXGroup;
			children = (
				746E0C2A23C549A500F3B09B /* AppDelegate.swift */,
				746E0C2C23C549A500F3B09B /* SceneDelegate.swift */,
				746E0C2E23C549A500F3B09B /* ContentView.swift */,
				746E0C3023C549A900F3B09B /* Assets.xcassets */,
				746E0C3523C549A900F3B09B /* LaunchScreen.storyboard */,
				746E0C3823C549A900F3B09B /* Info.plist */,
				746E0C3223C549A900F3B09B /* Preview Content */,
			);
			path = iTunesSwiftUI;
			sourceTree = "<group>";
		};
		746E0C3223C549A900F3B09B /* Preview Content */ = {
			isa = PBXGroup;
			children = (
				746E0C3323C549A900F3B09B /* Preview Assets.xcassets */,
			);
			path = "Preview Content";
			sourceTree = "<group>";
		};
/* End PBXGroup section */

/* Begin PBXNativeTarget section */
		746E0C2623C549A500F3B09B /* iTunesSwiftUI */ = {
			isa = PBXNativeTarget;
			buildConfigurationList = 746E0C3B23C549A900F3B09B /* Build configuration list for PBXNativeTarget "iTunesSwiftUI" */;
			buildPhases = (
				746E0C2323C549A500F3B09B /* Sources */,
				746E0C2423C549A500F3B09B /* Frameworks */,
				746E0C2523C549A500F3B09B /* Resources */,
			);
			buildRules = (
			);
			dependencies = (
			);
			name = iTunesSwiftUI;
			productName = iTunesSwiftUI;
			productReference = 746E0C2723C549A500F3B09B /* iTunesSwiftUI.app */;
			productType = "com.apple.product-type.application";
		};
/* End PBXNativeTarget section */

/* Begin PBXProject section */
		746E0C1F23C549A500F3B09B /* Project object */ = {
			isa = PBXProject;
			attributes = {
				LastSwiftUpdateCheck = 1130;
				LastUpgradeCheck = 1130;
				ORGANIZATIONNAME = "Batuhan Saka";
				TargetAttributes = {
					746E0C2623C549A500F3B09B = {
						CreatedOnToolsVersion = 11.3;
					};
				};
			};
			buildConfigurationList = 746E0C2223C549A500F3B09B /* Build configuration list for PBXProject "iTunesSwiftUI" */;
			compatibilityVersion = "Xcode 9.3";
			developmentRegion = en;
			hasScannedForEncodings = 0;
			knownRegions = (
				en,
				Base,
			);
			mainGroup = 746E0C1E23C549A500F3B09B;
			productRefGroup = 746E0C2823C549A500F3B09B /* Products */;
			projectDirPath = "";
			projectRoot = "";
			targets = (
				746E0C2623C549A500F3B09B /* iTunesSwiftUI */,
			);
		};
/* End PBXProject section */

/* Begin PBXResourcesBuildPhase section */
		746E0C2523C549A500F3B09B /* Resources */ = {
			isa = PBXResourcesBuildPhase;
			buildActionMask = 2147483647;
			files = (
				746E0C3723C549A900F3B09B /* LaunchScreen.storyboard in Resources */,
				746E0C3423C549A900F3B09B /* Preview Assets.xcassets in Resources */,
				746E0C3123C549A900F3B09B /* Assets.xcassets in Resources */,
			);
			runOnlyForDeploymentPostprocessing = 0;
		};
/* End PBXResourcesBuildPhase section */

/* Begin PBXSourcesBuildPhase section */
		746E0C2323C549A500F3B09B /* Sources */ = {
			isa = PBXSourcesBuildPhase;
			buildActionMask = 2147483647;
			files = (
				746E0C2B23C549A500F3B09B /* AppDelegate.swift in Sources */,
				746E0C2D23C549A500F3B09B /* SceneDelegate.swift in Sources */,
				746E0C2F23C549A500F3B09B /* ContentView.swift in Sources */,
			);
			runOnlyForDeploymentPostprocessing = 0;
		};
/* End PBXSourcesBuildPhase section */

/* Begin PBXVariantGroup section */
		746E0C3523C549A900F3B09B /* LaunchScreen.storyboard */ = {
			isa = PBXVariantGroup;
			children = (
				746E0C3623C549A900F3B09B /* Base */,
			);
			name = LaunchScreen.storyboard;
			sourceTree = "<group>";
		};
/* End PBXVariantGroup section */

/* Begin XCBuildConfiguration section */
		746E0C3923C549A900F3B09B /* Debug */ = {
			isa = XCBuildConfiguration;
			buildSettings = {
				ALWAYS_SEARCH_USER_PATHS = NO;
				CLANG_ANALYZER_NONNULL = YES;
				CLANG_ANALYZER_NUMBER_OBJECT_CONVERSION = YES_AGGRESSIVE;
				CLANG_CXX_LANGUAGE_STANDARD = "gnu++14";
				CLANG_CXX_LIBRARY = "libc++";
				CLANG_ENABLE_MODULES = YES;
				CLANG_ENABLE_OBJC_ARC = YES;
				CLANG_ENABLE_OBJC_WEAK = YES;
				CLANG_WARN_BLOCK_CAPTURE_AUTORELEASING = YES;
				CLANG_WARN_BOOL_CONVERSION = YES;
				CLANG_WARN_COMMA = YES;
				CLANG_WARN_CONSTANT_CONVERSION = YES;
				CLANG_WARN_DEPRECATED_OBJC_IMPLEMENTATIONS = YES;
				CLANG_WARN_DIRECT_OBJC_ISA_USAGE = YES_ERROR;
				CLANG_WARN_DOCUMENTATION_COMMENTS = YES;
				CLANG_WARN_EMPTY_BODY = YES;
				CLANG_WARN_ENUM_CONVERSION = YES;
				CLANG_WARN_INFINITE_RECURSION = YES;
				CLANG_WARN_INT_CONVERSION = YES;
				CLANG_WARN_NON_LITERAL_NULL_CONVERSION = YES;
				CLANG_WARN_OBJC_IMPLICIT_RETAIN_SELF = YES;
				CLANG_WARN_OBJC_LITERAL_CONVERSION = YES;
				CLANG_WARN_OBJC_ROOT_CLASS = YES_ERROR;
				CLANG_WARN_RANGE_LOOP_ANALYSIS = YES;
				CLANG_WARN_STRICT_PROTOTYPES = YES;
				CLANG_WARN_SUSPICIOUS_MOVE = YES;
				CLANG_WARN_UNGUARDED_AVAILABILITY = YES_AGGRESSIVE;
				CLANG_WARN_UNREACHABLE_CODE = YES;
				CLANG_WARN__DUPLICATE_METHOD_MATCH = YES;
				COPY_PHASE_STRIP = NO;
				DEBUG_INFORMATION_FORMAT = dwarf;
				ENABLE_STRICT_OBJC_MSGSEND = YES;
				ENABLE_TESTABILITY = YES;
				GCC_C_LANGUAGE_STANDARD = gnu11;
				GCC_DYNAMIC_NO_PIC = NO;
				GCC_NO_COMMON_BLOCKS = YES;
				GCC_OPTIMIZATION_LEVEL = 0;
				GCC_PREPROCESSOR_DEFINITIONS = (
					"DEBUG=1",
					"$(inherited)",
				);
				GCC_WARN_64_TO_32_BIT_CONVERSION = YES;
				GCC_WARN_ABOUT_RETURN_TYPE = YES_ERROR;
				GCC_WARN_UNDECLARED_SELECTOR = YES;
				GCC_WARN_UNINITIALIZED_AUTOS = YES_AGGRESSIVE;
				GCC_WARN_UNUSED_FUNCTION = YES;
				GCC_WARN_UNUSED_VARIABLE = YES;
				IPHONEOS_DEPLOYMENT_TARGET = 13.2;
				MTL_ENABLE_DEBUG_INFO = INCLUDE_SOURCE;
				MTL_FAST_MATH = YES;
				ONLY_ACTIVE_ARCH = YES;
				SDKROOT = iphoneos;
				SWIFT_ACTIVE_COMPILATION_CONDITIONS = DEBUG;
				SWIFT_OPTIMIZATION_LEVEL = "-Onone";
			};
			name = Debug;
		};
		746E0C3A23C549A900F3B09B /* Release */ = {
			isa = XCBuildConfiguration;
			buildSettings = {
				ALWAYS_SEARCH_USER_PATHS = NO;
				CLANG_ANALYZER_NONNULL = YES;
				CLANG_ANALYZER_NUMBER_OBJECT_CONVERSION = YES_AGGRESSIVE;
				CLANG_CXX_LANGUAGE_STANDARD = "gnu++14";
				CLANG_CXX_LIBRARY = "libc++";
				CLANG_ENABLE_MODULES = YES;
				CLANG_ENABLE_OBJC_ARC = YES;
				CLANG_ENABLE_OBJC_WEAK = YES;
				CLANG_WARN_BLOCK_CAPTURE_AUTORELEASING = YES;
				CLANG_WARN_BOOL_CONVERSION = YES;
				CLANG_WARN_COMMA = YES;
				CLANG_WARN_CONSTANT_CONVERSION = YES;
				CLANG_WARN_DEPRECATED_OBJC_IMPLEMENTATIONS = YES;
				CLANG_WARN_DIRECT_OBJC_ISA_USAGE = YES_ERROR;
				CLANG_WARN_DOCUMENTATION_COMMENTS = YES;
				CLANG_WARN_EMPTY_BODY = YES;
				CLANG_WARN_ENUM_CONVERSION = YES;
				CLANG_WARN_INFINITE_RECURSION = YES;
				CLANG_WARN_INT_CONVERSION = YES;
				CLANG_WARN_NON_LITERAL_NULL_CONVERSION = YES;
				CLANG_WARN_OBJC_IMPLICIT_RETAIN_SELF = YES;
				CLANG_WARN_OBJC_LITERAL_CONVERSION = YES;
				CLANG_WARN_OBJC_ROOT_CLASS = YES_ERROR;
				CLANG_WARN_RANGE_LOOP_ANALYSIS = YES;
				CLANG_WARN_STRICT_PROTOTYPES = YES;
				CLANG_WARN_SUSPICIOUS_MOVE = YES;
				CLANG_WARN_UNGUARDED_AVAILABILITY = YES_AGGRESSIVE;
				CLANG_WARN_UNREACHABLE_CODE = YES;
				CLANG_WARN__DUPLICATE_METHOD_MATCH = YES;
				COPY_PHASE_STRIP = NO;
				DEBUG_INFORMATION_FORMAT = "dwarf-with-dsym";
				ENABLE_NS_ASSERTIONS = NO;
				ENABLE_STRICT_OBJC_MSGSEND = YES;
				GCC_C_LANGUAGE_STANDARD = gnu11;
				GCC_NO_COMMON_BLOCKS = YES;
				GCC_WARN_64_TO_32_BIT_CONVERSION = YES;
				GCC_WARN_ABOUT_RETURN_TYPE = YES_ERROR;
				GCC_WARN_UNDECLARED_SELECTOR = YES;
				GCC_WARN_UNINITIALIZED_AUTOS = YES_AGGRESSIVE;
				GCC_WARN_UNUSED_FUNCTION = YES;
				GCC_WARN_UNUSED_VARIABLE = YES;
				IPHONEOS_DEPLOYMENT_TARGET = 13.2;
				MTL_ENABLE_DEBUG_INFO = NO;
				MTL_FAST_MATH = YES;
				SDKROOT = iphoneos;
				SWIFT_COMPILATION_MODE = wholemodule;
				SWIFT_OPTIMIZATION_LEVEL = "-O";
				VALIDATE_PRODUCT = YES;
			};
			name = Release;
		};
		746E0C3C23C549A900F3B09B /* Debug */ = {
			isa = XCBuildConfiguration;
			buildSettings = {
				ASSETCATALOG_COMPILER_APPICON_NAME = AppIcon;
				CODE_SIGN_STYLE = Automatic;
				DEVELOPMENT_ASSET_PATHS = "\"iTunesSwiftUI/Preview Content\"";
				DEVELOPMENT_TEAM = 9V39JSQ9A4;
				ENABLE_PREVIEWS = YES;
				INFOPLIST_FILE = iTunesSwiftUI/Info.plist;
				LD_RUNPATH_SEARCH_PATHS = (
					"$(inherited)",
					"@executable_path/Frameworks",
				);
				PRODUCT_BUNDLE_IDENTIFIER = com.strawb3rryx7.iTunesSwiftUI;
				PRODUCT_NAME = "$(TARGET_NAME)";
				SWIFT_VERSION = 5.0;
				TARGETED_DEVICE_FAMILY = "1,2";
			};
			name = Debug;
		};
		746E0C3D23C549A900F3B09B /* Release */ = {
			isa = XCBuildConfiguration;
			buildSettings = {
				ASSETCATALOG_COMPILER_APPICON_NAME = AppIcon;
				CODE_SIGN_STYLE = Automatic;
				DEVELOPMENT_ASSET_PATHS = "\"iTunesSwiftUI/Preview Content\"";
				DEVELOPMENT_TEAM = 9V39JSQ9A4;
				ENABLE_PREVIEWS = YES;
				INFOPLIST_FILE = iTunesSwiftUI/Info.plist;
				LD_RUNPATH_SEARCH_PATHS = (
					"$(inherited)",
					"@executable_path/Frameworks",
				);
				PRODUCT_BUNDLE_IDENTIFIER = com.strawb3rryx7.iTunesSwiftUI;
				PRODUCT_NAME = "$(TARGET_NAME)";
				SWIFT_VERSION = 5.0;
				TARGETED_DEVICE_FAMILY = "1,2";
			};
			name = Release;
		};
/* End XCBuildConfiguration section */

/* Begin XCConfigurationList section */
		746E0C2223C549A500F3B09B /* Build configuration list for PBXProject "iTunesSwiftUI" */ = {
			isa = XCConfigurationList;
			buildConfigurations = (
				746E0C3923C549A900F3B09B /* Debug */,
				746E0C3A23C549A900F3B09B /* Release */,
			);
			defaultConfigurationIsVisible = 0;
			defaultConfigurationName = Release;
		};
		746E0C3B23C549A900F3B09B /* Build configuration list for PBXNativeTarget "iTunesSwiftUI" */ = {
			isa = XCConfigurationList;
			buildConfigurations = (
				746E0C3C23C549A900F3B09B /* Debug */,
				746E0C3D23C549A900F3B09B /* Release */,
			);
			defaultConfigurationIsVisible = 0;
			defaultConfigurationName = Release;
		};
/* End XCConfigurationList section */
	};
	rootObject = 746E0C1F23C549A500F3B09B /* Project object */;
}
